PODS:
  - DropDown (2.3.13)
  - Kingfisher (7.4.1)

DEPENDENCIES:
  - DropDown
  - Kingfisher (~> 7.0)

SPEC REPOS:
  trunk:
    - DropDown
    - Kingfisher

SPEC CHECKSUMS:
  DropDown: 8a2116376c1981888557f72ec2ffc9a5e0e456ec
  Kingfisher: cd762a593a61b2fbecf7645c00f9a801a3ebfc9c

PODFILE CHECKSUM: ac28857c04253636d25e3119309151a076d68320

COCOAPODS: 1.11.3
