// !$*UTF8*$!
{
	archiveVersion = 1;
	classes = {
	};
	objectVersion = 56;
	objects = {

/* Begin PBXBuildFile section */
		FD340D53292CC34700B40917 /* AppDelegate.swift in Sources */ = {isa = PBXBuildFile; fileRef = FD340D52292CC34700B40917 /* AppDelegate.swift */; };
		FD340D55292CC34700B40917 /* SceneDelegate.swift in Sources */ = {isa = PBXBuildFile; fileRef = FD340D54292CC34700B40917 /* SceneDelegate.swift */; };
		FD340D57292CC34700B40917 /* ViewController.swift in Sources */ = {isa = PBXBuildFile; fileRef = FD340D56292CC34700B40917 /* ViewController.swift */; };
		FD340D5A292CC34700B40917 /* Main.storyboard in Resources */ = {isa = PBXBuildFile; fileRef = FD340D58292CC34700B40917 /* Main.storyboard */; };
		FD340D5C292CC34900B40917 /* Assets.xcassets in Resources */ = {isa = PBXBuildFile; fileRef = FD340D5B292CC34900B40917 /* Assets.xcassets */; };
		FD340D5F292CC34900B40917 /* LaunchScreen.storyboard in Resources */ = {isa = PBXBuildFile; fileRef = FD340D5D292CC34900B40917 /* LaunchScreen.storyboard */; };
		FD340D6C292CC46600B40917 /* Localizable.strings in Resources */ = {isa = PBXBuildFile; fileRef = FD340D6B292CC46600B40917 /* Localizable.strings */; };
		FD340D80292CC71500B40917 /* OpenSans-Bold.ttf in Resources */ = {isa = PBXBuildFile; fileRef = FD340D7C292CC71500B40917 /* OpenSans-Bold.ttf */; };
		FD340D81292CC71500B40917 /* OpenSans-Regular.ttf in Resources */ = {isa = PBXBuildFile; fileRef = FD340D7D292CC71500B40917 /* OpenSans-Regular.ttf */; };
		FD340D82292CC71500B40917 /* OpenSans-SemiBold.ttf in Resources */ = {isa = PBXBuildFile; fileRef = FD340D7E292CC71500B40917 /* OpenSans-SemiBold.ttf */; };
		FD340D83292CC71500B40917 /* OpenSans-ExtraBold.ttf in Resources */ = {isa = PBXBuildFile; fileRef = FD340D7F292CC71500B40917 /* OpenSans-ExtraBold.ttf */; };
		FD340D85292CCF5900B40917 /* UIView+Overlay.swift in Sources */ = {isa = PBXBuildFile; fileRef = FD340D84292CCF5900B40917 /* UIView+Overlay.swift */; };
/* End PBXBuildFile section */

/* Begin PBXFileReference section */
		FD340D4F292CC34700B40917 /* ImagesSearch.app */ = {isa = PBXFileReference; explicitFileType = wrapper.application; includeInIndex = 0; path = ImagesSearch.app; sourceTree = BUILT_PRODUCTS_DIR; };
		FD340D52292CC34700B40917 /* AppDelegate.swift */ = {isa = PBXFileReference; lastKnownFileType = sourcecode.swift; path = AppDelegate.swift; sourceTree = "<group>"; };
		FD340D54292CC34700B40917 /* SceneDelegate.swift */ = {isa = PBXFileReference; lastKnownFileType = sourcecode.swift; path = SceneDelegate.swift; sourceTree = "<group>"; };
		FD340D56292CC34700B40917 /* ViewController.swift */ = {isa = PBXFileReference; lastKnownFileType = sourcecode.swift; path = ViewController.swift; sourceTree = "<group>"; };
		FD340D59292CC34700B40917 /* Base */ = {isa = PBXFileReference; lastKnownFileType = file.storyboard; name = Base; path = Base.lproj/Main.storyboard; sourceTree = "<group>"; };
		FD340D5B292CC34900B40917 /* Assets.xcassets */ = {isa = PBXFileReference; lastKnownFileType = folder.assetcatalog; path = Assets.xcassets; sourceTree = "<group>"; };
		FD340D5E292CC34900B40917 /* Base */ = {isa = PBXFileReference; lastKnownFileType = file.storyboard; name = Base; path = Base.lproj/LaunchScreen.storyboard; sourceTree = "<group>"; };
		FD340D60292CC34900B40917 /* Info.plist */ = {isa = PBXFileReference; lastKnownFileType = text.plist.xml; path = Info.plist; sourceTree = "<group>"; };
		FD340D6B292CC46600B40917 /* Localizable.strings */ = {isa = PBXFileReference; lastKnownFileType = text.plist.strings; path = Localizable.strings; sourceTree = "<group>"; };
		FD340D7C292CC71500B40917 /* OpenSans-Bold.ttf */ = {isa = PBXFileReference; lastKnownFileType = file; path = "OpenSans-Bold.ttf"; sourceTree = "<group>"; };
		FD340D7D292CC71500B40917 /* OpenSans-Regular.ttf */ = {isa = PBXFileReference; lastKnownFileType = file; path = "OpenSans-Regular.ttf"; sourceTree = "<group>"; };
		FD340D7E292CC71500B40917 /* OpenSans-SemiBold.ttf */ = {isa = PBXFileReference; lastKnownFileType = file; path = "OpenSans-SemiBold.ttf"; sourceTree = "<group>"; };
		FD340D7F292CC71500B40917 /* OpenSans-ExtraBold.ttf */ = {isa = PBXFileReference; lastKnownFileType = file; path = "OpenSans-ExtraBold.ttf"; sourceTree = "<group>"; };
		FD340D84292CCF5900B40917 /* UIView+Overlay.swift */ = {isa = PBXFileReference; lastKnownFileType = sourcecode.swift; path = "UIView+Overlay.swift"; sourceTree = "<group>"; };
/* End PBXFileReference section */

/* Begin PBXFrameworksBuildPhase section */
		FD340D4C292CC34700B40917 /* Frameworks */ = {
			isa = PBXFrameworksBuildPhase;
			buildActionMask = 2147483647;
			files = (
			);
			runOnlyForDeploymentPostprocessing = 0;
		};
/* End PBXFrameworksBuildPhase section */

/* Begin PBXGroup section */
		FD340D46292CC34600B40917 = {
			isa = PBXGroup;
			children = (
				FD340D51292CC34700B40917 /* ImagesSearch */,
				FD340D50292CC34700B40917 /* Products */,
			);
			sourceTree = "<group>";
		};
		FD340D50292CC34700B40917 /* Products */ = {
			isa = PBXGroup;
			children = (
				FD340D4F292CC34700B40917 /* ImagesSearch.app */,
			);
			name = Products;
			sourceTree = "<group>";
		};
		FD340D51292CC34700B40917 /* ImagesSearch */ = {
			isa = PBXGroup;
			children = (
				FD340D6D292CC48100B40917 /* Extensions */,
				FD340D69292CC3DD00B40917 /* Resources */,
				FD340D68292CC3D200B40917 /* Storyboards */,
				FD340D67292CC3C800B40917 /* Controllers */,
				FD340D66292CC3B500B40917 /* Supporting Files */,
			);
			path = ImagesSearch;
			sourceTree = "<group>";
		};
		FD340D66292CC3B500B40917 /* Supporting Files */ = {
			isa = PBXGroup;
			children = (
				FD340D5D292CC34900B40917 /* LaunchScreen.storyboard */,
				FD340D52292CC34700B40917 /* AppDelegate.swift */,
				FD340D54292CC34700B40917 /* SceneDelegate.swift */,
				FD340D60292CC34900B40917 /* Info.plist */,
			);
			path = "Supporting Files";
			sourceTree = "<group>";
		};
		FD340D67292CC3C800B40917 /* Controllers */ = {
			isa = PBXGroup;
			children = (
				FD340D56292CC34700B40917 /* ViewController.swift */,
			);
			path = Controllers;
			sourceTree = "<group>";
		};
		FD340D68292CC3D200B40917 /* Storyboards */ = {
			isa = PBXGroup;
			children = (
				FD340D58292CC34700B40917 /* Main.storyboard */,
			);
			path = Storyboards;
			sourceTree = "<group>";
		};
		FD340D69292CC3DD00B40917 /* Resources */ = {
			isa = PBXGroup;
			children = (
				FD340D7B292CC6CE00B40917 /* Fonts */,
				FD340D5B292CC34900B40917 /* Assets.xcassets */,
				FD340D6B292CC46600B40917 /* Localizable.strings */,
			);
			path = Resources;
			sourceTree = "<group>";
		};
		FD340D6D292CC48100B40917 /* Extensions */ = {
			isa = PBXGroup;
			children = (
				FD340D84292CCF5900B40917 /* UIView+Overlay.swift */,
			);
			path = Extensions;
			sourceTree = "<group>";
		};
		FD340D7B292CC6CE00B40917 /* Fonts */ = {
			isa = PBXGroup;
			children = (
				FD340D7C292CC71500B40917 /* OpenSans-Bold.ttf */,
				FD340D7F292CC71500B40917 /* OpenSans-ExtraBold.ttf */,
				FD340D7D292CC71500B40917 /* OpenSans-Regular.ttf */,
				FD340D7E292CC71500B40917 /* OpenSans-SemiBold.ttf */,
			);
			path = Fonts;
			sourceTree = "<group>";
		};
/* End PBXGroup section */

/* Begin PBXNativeTarget section */
		FD340D4E292CC34700B40917 /* ImagesSearch */ = {
			isa = PBXNativeTarget;
			buildConfigurationList = FD340D63292CC34900B40917 /* Build configuration list for PBXNativeTarget "ImagesSearch" */;
			buildPhases = (
				FD340D4B292CC34700B40917 /* Sources */,
				FD340D4C292CC34700B40917 /* Frameworks */,
				FD340D4D292CC34700B40917 /* Resources */,
				FD340D86292CCFFD00B40917 /* SwiftLint */,
			);
			buildRules = (
			);
			dependencies = (
			);
			name = ImagesSearch;
			productName = ImagesSearch;
			productReference = FD340D4F292CC34700B40917 /* ImagesSearch.app */;
			productType = "com.apple.product-type.application";
		};
/* End PBXNativeTarget section */

/* Begin PBXProject section */
		FD340D47292CC34600B40917 /* Project object */ = {
			isa = PBXProject;
			attributes = {
				BuildIndependentTargetsInParallel = 1;
				LastSwiftUpdateCheck = 1410;
				LastUpgradeCheck = 1410;
				TargetAttributes = {
					FD340D4E292CC34700B40917 = {
						CreatedOnToolsVersion = 14.1;
					};
				};
			};
			buildConfigurationList = FD340D4A292CC34600B40917 /* Build configuration list for PBXProject "ImagesSearch" */;
			compatibilityVersion = "Xcode 14.0";
			developmentRegion = en;
			hasScannedForEncodings = 0;
			knownRegions = (
				en,
				Base,
			);
			mainGroup = FD340D46292CC34600B40917;
			productRefGroup = FD340D50292CC34700B40917 /* Products */;
			projectDirPath = "";
			projectRoot = "";
			targets = (
				FD340D4E292CC34700B40917 /* ImagesSearch */,
			);
		};
/* End PBXProject section */

/* Begin PBXResourcesBuildPhase section */
		FD340D4D292CC34700B40917 /* Resources */ = {
			isa = PBXResourcesBuildPhase;
			buildActionMask = 2147483647;
			files = (
				FD340D5F292CC34900B40917 /* LaunchScreen.storyboard in Resources */,
				FD340D6C292CC46600B40917 /* Localizable.strings in Resources */,
				FD340D82292CC71500B40917 /* OpenSans-SemiBold.ttf in Resources */,
				FD340D83292CC71500B40917 /* OpenSans-ExtraBold.ttf in Resources */,
				FD340D5C292CC34900B40917 /* Assets.xcassets in Resources */,
				FD340D80292CC71500B40917 /* OpenSans-Bold.ttf in Resources */,
				FD340D81292CC71500B40917 /* OpenSans-Regular.ttf in Resources */,
				FD340D5A292CC34700B40917 /* Main.storyboard in Resources */,
			);
			runOnlyForDeploymentPostprocessing = 0;
		};
/* End PBXResourcesBuildPhase section */

/* Begin PBXShellScriptBuildPhase section */
		FD340D86292CCFFD00B40917 /* SwiftLint */ = {
			isa = PBXShellScriptBuildPhase;
			buildActionMask = 2147483647;
			files = (
			);
			inputFileListPaths = (
			);
			inputPaths = (
			);
			name = SwiftLint;
			outputFileListPaths = (
			);
			outputPaths = (
			);
			runOnlyForDeploymentPostprocessing = 0;
			shellPath = /bin/sh;
			shellScript = "export PATH=\"$PATH:/opt/homebrew/bin\"\nif which swiftlint > /dev/null; then\n  swiftlint\nelse\n  echo \"warning: SwiftLint not installed, download from https://github.com/realm/SwiftLint\"\nfi\n";
		};
/* End PBXShellScriptBuildPhase section */

/* Begin PBXSourcesBuildPhase section */
		FD340D4B292CC34700B40917 /* Sources */ = {
			isa = PBXSourcesBuildPhase;
			buildActionMask = 2147483647;
			files = (
				FD340D57292CC34700B40917 /* ViewController.swift in Sources */,
				FD340D85292CCF5900B40917 /* UIView+Overlay.swift in Sources */,
				FD340D53292CC34700B40917 /* AppDelegate.swift in Sources */,
				FD340D55292CC34700B40917 /* SceneDelegate.swift in Sources */,
			);
			runOnlyForDeploymentPostprocessing = 0;
		};
/* End PBXSourcesBuildPhase section */

/* Begin PBXVariantGroup section */
		FD340D58292CC34700B40917 /* Main.storyboard */ = {
			isa = PBXVariantGroup;
			children = (
				FD340D59292CC34700B40917 /* Base */,
			);
			name = Main.storyboard;
			sourceTree = "<group>";
		};
		FD340D5D292CC34900B40917 /* LaunchScreen.storyboard */ = {
			isa = PBXVariantGroup;
			children = (
				FD340D5E292CC34900B40917 /* Base */,
			);
			name = LaunchScreen.storyboard;
			sourceTree = "<group>";
		};
/* End PBXVariantGroup section */

/* Begin XCBuildConfiguration section */
		FD340D61292CC34900B40917 /* Debug */ = {
			isa = XCBuildConfiguration;
			buildSettings = {
				ALWAYS_SEARCH_USER_PATHS = NO;
				CLANG_ANALYZER_NONNULL = YES;
				CLANG_ANALYZER_NUMBER_OBJECT_CONVERSION = YES_AGGRESSIVE;
				CLANG_CXX_LANGUAGE_STANDARD = "gnu++20";
				CLANG_ENABLE_MODULES = YES;
				CLANG_ENABLE_OBJC_ARC = YES;
				CLANG_ENABLE_OBJC_WEAK = YES;
				CLANG_WARN_BLOCK_CAPTURE_AUTORELEASING = YES;
				CLANG_WARN_BOOL_CONVERSION = YES;
				CLANG_WARN_COMMA = YES;
				CLANG_WARN_CONSTANT_CONVERSION = YES;
				CLANG_WARN_DEPRECATED_OBJC_IMPLEMENTATIONS = YES;
				CLANG_WARN_DIRECT_OBJC_ISA_USAGE = YES_ERROR;
				CLANG_WARN_DOCUMENTATION_COMMENTS = YES;
				CLANG_WARN_EMPTY_BODY = YES;
				CLANG_WARN_ENUM_CONVERSION = YES;
				CLANG_WARN_INFINITE_RECURSION = YES;
				CLANG_WARN_INT_CONVERSION = YES;
				CLANG_WARN_NON_LITERAL_NULL_CONVERSION = YES;
				CLANG_WARN_OBJC_IMPLICIT_RETAIN_SELF = YES;
				CLANG_WARN_OBJC_LITERAL_CONVERSION = YES;
				CLANG_WARN_OBJC_ROOT_CLASS = YES_ERROR;
				CLANG_WARN_QUOTED_INCLUDE_IN_FRAMEWORK_HEADER = YES;
				CLANG_WARN_RANGE_LOOP_ANALYSIS = YES;
				CLANG_WARN_STRICT_PROTOTYPES = YES;
				CLANG_WARN_SUSPICIOUS_MOVE = YES;
				CLANG_WARN_UNGUARDED_AVAILABILITY = YES_AGGRESSIVE;
				CLANG_WARN_UNREACHABLE_CODE = YES;
				CLANG_WARN__DUPLICATE_METHOD_MATCH = YES;
				COPY_PHASE_STRIP = NO;
				DEBUG_INFORMATION_FORMAT = dwarf;
				ENABLE_STRICT_OBJC_MSGSEND = YES;
				ENABLE_TESTABILITY = YES;
				GCC_C_LANGUAGE_STANDARD = gnu11;
				GCC_DYNAMIC_NO_PIC = NO;
				GCC_NO_COMMON_BLOCKS = YES;
				GCC_OPTIMIZATION_LEVEL = 0;
				GCC_PREPROCESSOR_DEFINITIONS = (
					"DEBUG=1",
					"$(inherited)",
				);
				GCC_WARN_64_TO_32_BIT_CONVERSION = YES;
				GCC_WARN_ABOUT_RETURN_TYPE = YES_ERROR;
				GCC_WARN_UNDECLARED_SELECTOR = YES;
				GCC_WARN_UNINITIALIZED_AUTOS = YES_AGGRESSIVE;
				GCC_WARN_UNUSED_FUNCTION = YES;
				GCC_WARN_UNUSED_VARIABLE = YES;
				IPHONEOS_DEPLOYMENT_TARGET = 16.1;
				MTL_ENABLE_DEBUG_INFO = INCLUDE_SOURCE;
				MTL_FAST_MATH = YES;
				ONLY_ACTIVE_ARCH = YES;
				SDKROOT = iphoneos;
				SWIFT_ACTIVE_COMPILATION_CONDITIONS = DEBUG;
				SWIFT_OPTIMIZATION_LEVEL = "-Onone";
			};
			name = Debug;
		};
		FD340D62292CC34900B40917 /* Release */ = {
			isa = XCBuildConfiguration;
			buildSettings = {
				ALWAYS_SEARCH_USER_PATHS = NO;
				CLANG_ANALYZER_NONNULL = YES;
				CLANG_ANALYZER_NUMBER_OBJECT_CONVERSION = YES_AGGRESSIVE;
				CLANG_CXX_LANGUAGE_STANDARD = "gnu++20";
				CLANG_ENABLE_MODULES = YES;
				CLANG_ENABLE_OBJC_ARC = YES;
				CLANG_ENABLE_OBJC_WEAK = YES;
				CLANG_WARN_BLOCK_CAPTURE_AUTORELEASING = YES;
				CLANG_WARN_BOOL_CONVERSION = YES;
				CLANG_WARN_COMMA = YES;
				CLANG_WARN_CONSTANT_CONVERSION = YES;
				CLANG_WARN_DEPRECATED_OBJC_IMPLEMENTATIONS = YES;
				CLANG_WARN_DIRECT_OBJC_ISA_USAGE = YES_ERROR;
				CLANG_WARN_DOCUMENTATION_COMMENTS = YES;
				CLANG_WARN_EMPTY_BODY = YES;
				CLANG_WARN_ENUM_CONVERSION = YES;
				CLANG_WARN_INFINITE_RECURSION = YES;
				CLANG_WARN_INT_CONVERSION = YES;
				CLANG_WARN_NON_LITERAL_NULL_CONVERSION = YES;
				CLANG_WARN_OBJC_IMPLICIT_RETAIN_SELF = YES;
				CLANG_WARN_OBJC_LITERAL_CONVERSION = YES;
				CLANG_WARN_OBJC_ROOT_CLASS = YES_ERROR;
				CLANG_WARN_QUOTED_INCLUDE_IN_FRAMEWORK_HEADER = YES;
				CLANG_WARN_RANGE_LOOP_ANALYSIS = YES;
				CLANG_WARN_STRICT_PROTOTYPES = YES;
				CLANG_WARN_SUSPICIOUS_MOVE = YES;
				CLANG_WARN_UNGUARDED_AVAILABILITY = YES_AGGRESSIVE;
				CLANG_WARN_UNREACHABLE_CODE = YES;
				CLANG_WARN__DUPLICATE_METHOD_MATCH = YES;
				COPY_PHASE_STRIP = NO;
				DEBUG_INFORMATION_FORMAT = "dwarf-with-dsym";
				ENABLE_NS_ASSERTIONS = NO;
				ENABLE_STRICT_OBJC_MSGSEND = YES;
				GCC_C_LANGUAGE_STANDARD = gnu11;
				GCC_NO_COMMON_BLOCKS = YES;
				GCC_WARN_64_TO_32_BIT_CONVERSION = YES;
				GCC_WARN_ABOUT_RETURN_TYPE = YES_ERROR;
				GCC_WARN_UNDECLARED_SELECTOR = YES;
				GCC_WARN_UNINITIALIZED_AUTOS = YES_AGGRESSIVE;
				GCC_WARN_UNUSED_FUNCTION = YES;
				GCC_WARN_UNUSED_VARIABLE = YES;
				IPHONEOS_DEPLOYMENT_TARGET = 16.1;
				MTL_ENABLE_DEBUG_INFO = NO;
				MTL_FAST_MATH = YES;
				SDKROOT = iphoneos;
				SWIFT_COMPILATION_MODE = wholemodule;
				SWIFT_OPTIMIZATION_LEVEL = "-O";
				VALIDATE_PRODUCT = YES;
			};
			name = Release;
		};
		FD340D64292CC34900B40917 /* Debug */ = {
			isa = XCBuildConfiguration;
			buildSettings = {
				ASSETCATALOG_COMPILER_APPICON_NAME = AppIcon;
				ASSETCATALOG_COMPILER_GLOBAL_ACCENT_COLOR_NAME = AccentColor;
				CODE_SIGN_STYLE = Automatic;
				CURRENT_PROJECT_VERSION = 1;
				GENERATE_INFOPLIST_FILE = YES;
				INFOPLIST_FILE = "ImagesSearch/Supporting Files/Info.plist";
				INFOPLIST_KEY_UIApplicationSupportsIndirectInputEvents = YES;
				INFOPLIST_KEY_UILaunchStoryboardName = LaunchScreen;
				INFOPLIST_KEY_UIMainStoryboardFile = Main;
				INFOPLIST_KEY_UISupportedInterfaceOrientations_iPad = "UIInterfaceOrientationPortrait UIInterfaceOrientationPortraitUpsideDown UIInterfaceOrientationLandscapeLeft UIInterfaceOrientationLandscapeRight";
				INFOPLIST_KEY_UISupportedInterfaceOrientations_iPhone = "UIInterfaceOrientationPortrait UIInterfaceOrientationLandscapeLeft UIInterfaceOrientationLandscapeRight";
				IPHONEOS_DEPLOYMENT_TARGET = 12.0;
				LD_RUNPATH_SEARCH_PATHS = (
					"$(inherited)",
					"@executable_path/Frameworks",
				);
				MARKETING_VERSION = 1.0;
				PRODUCT_BUNDLE_IDENTIFIER = com.RomanIvanov.ImagesSearch;
				PRODUCT_NAME = "$(TARGET_NAME)";
				SWIFT_EMIT_LOC_STRINGS = YES;
				SWIFT_VERSION = 5.0;
				TARGETED_DEVICE_FAMILY = "1,2";
			};
			name = Debug;
		};
		FD340D65292CC34900B40917 /* Release */ = {
			isa = XCBuildConfiguration;
			buildSettings = {
				ASSETCATALOG_COMPILER_APPICON_NAME = AppIcon;
				ASSETCATALOG_COMPILER_GLOBAL_ACCENT_COLOR_NAME = AccentColor;
				CODE_SIGN_STYLE = Automatic;
				CURRENT_PROJECT_VERSION = 1;
				GENERATE_INFOPLIST_FILE = YES;
				INFOPLIST_FILE = "ImagesSearch/Supporting Files/Info.plist";
				INFOPLIST_KEY_UIApplicationSupportsIndirectInputEvents = YES;
				INFOPLIST_KEY_UILaunchStoryboardName = LaunchScreen;
				INFOPLIST_KEY_UIMainStoryboardFile = Main;
				INFOPLIST_KEY_UISupportedInterfaceOrientations_iPad = "UIInterfaceOrientationPortrait UIInterfaceOrientationPortraitUpsideDown UIInterfaceOrientationLandscapeLeft UIInterfaceOrientationLandscapeRight";
				INFOPLIST_KEY_UISupportedInterfaceOrientations_iPhone = "UIInterfaceOrientationPortrait UIInterfaceOrientationLandscapeLeft UIInterfaceOrientationLandscapeRight";
				IPHONEOS_DEPLOYMENT_TARGET = 12.0;
				LD_RUNPATH_SEARCH_PATHS = (
					"$(inherited)",
					"@executable_path/Frameworks",
				);
				MARKETING_VERSION = 1.0;
				PRODUCT_BUNDLE_IDENTIFIER = com.RomanIvanov.ImagesSearch;
				PRODUCT_NAME = "$(TARGET_NAME)";
				SWIFT_EMIT_LOC_STRINGS = YES;
				SWIFT_VERSION = 5.0;
				TARGETED_DEVICE_FAMILY = "1,2";
			};
			name = Release;
		};
/* End XCBuildConfiguration section */

/* Begin XCConfigurationList section */
		FD340D4A292CC34600B40917 /* Build configuration list for PBXProject "ImagesSearch" */ = {
			isa = XCConfigurationList;
			buildConfigurations = (
				FD340D61292CC34900B40917 /* Debug */,
				FD340D62292CC34900B40917 /* Release */,
			);
			defaultConfigurationIsVisible = 0;
			defaultConfigurationName = Release;
		};
		FD340D63292CC34900B40917 /* Build configuration list for PBXNativeTarget "ImagesSearch" */ = {
			isa = XCConfigurationList;
			buildConfigurations = (
				FD340D64292CC34900B40917 /* Debug */,
				FD340D65292CC34900B40917 /* Release */,
			);
			defaultConfigurationIsVisible = 0;
			defaultConfigurationName = Release;
		};
/* End XCConfigurationList section */
	};
	rootObject = FD340D47292CC34600B40917 /* Project object */;
}
