// !$*UTF8*$!
{
	archiveVersion = 1;
	classes = {
	};
	objectVersion = 56;
	objects = {

/* Begin PBXBuildFile section */
		726B208D352317C3FDB38A26 /* Pods_ImagesSearch.framework in Frameworks */ = {isa = PBXBuildFile; fileRef = 0EC884323A1092395A49C284 /* Pods_ImagesSearch.framework */; };
		FD3319BE2942709400FBBD2C /* SMIdentifiable.swift in Sources */ = {isa = PBXBuildFile; fileRef = FD3319BD2942709400FBBD2C /* SMIdentifiable.swift */; };
		FD340D53292CC34700B40917 /* AppDelegate.swift in Sources */ = {isa = PBXBuildFile; fileRef = FD340D52292CC34700B40917 /* AppDelegate.swift */; };
		FD340D55292CC34700B40917 /* SceneDelegate.swift in Sources */ = {isa = PBXBuildFile; fileRef = FD340D54292CC34700B40917 /* SceneDelegate.swift */; };
		FD340D57292CC34700B40917 /* ViewController.swift in Sources */ = {isa = PBXBuildFile; fileRef = FD340D56292CC34700B40917 /* ViewController.swift */; };
		FD340D5A292CC34700B40917 /* Main.storyboard in Resources */ = {isa = PBXBuildFile; fileRef = FD340D58292CC34700B40917 /* Main.storyboard */; };
		FD340D5C292CC34900B40917 /* Assets.xcassets in Resources */ = {isa = PBXBuildFile; fileRef = FD340D5B292CC34900B40917 /* Assets.xcassets */; };
		FD340D5F292CC34900B40917 /* LaunchScreen.storyboard in Resources */ = {isa = PBXBuildFile; fileRef = FD340D5D292CC34900B40917 /* LaunchScreen.storyboard */; };
		FD340D6C292CC46600B40917 /* Localizable.strings in Resources */ = {isa = PBXBuildFile; fileRef = FD340D6B292CC46600B40917 /* Localizable.strings */; };
		FD340D80292CC71500B40917 /* OpenSans-Bold.ttf in Resources */ = {isa = PBXBuildFile; fileRef = FD340D7C292CC71500B40917 /* OpenSans-Bold.ttf */; };
		FD340D81292CC71500B40917 /* OpenSans-Regular.ttf in Resources */ = {isa = PBXBuildFile; fileRef = FD340D7D292CC71500B40917 /* OpenSans-Regular.ttf */; };
		FD340D82292CC71500B40917 /* OpenSans-SemiBold.ttf in Resources */ = {isa = PBXBuildFile; fileRef = FD340D7E292CC71500B40917 /* OpenSans-SemiBold.ttf */; };
		FD340D83292CC71500B40917 /* OpenSans-ExtraBold.ttf in Resources */ = {isa = PBXBuildFile; fileRef = FD340D7F292CC71500B40917 /* OpenSans-ExtraBold.ttf */; };
		FD340D85292CCF5900B40917 /* UIView+Overlay.swift in Sources */ = {isa = PBXBuildFile; fileRef = FD340D84292CCF5900B40917 /* UIView+Overlay.swift */; };
		FD5199342937BDB80008762A /* ImagesHitService.swift in Sources */ = {isa = PBXBuildFile; fileRef = FD5199332937BDB80008762A /* ImagesHitService.swift */; };
		FD998AE7293818B40093E5DD /* ImageListModel.swift in Sources */ = {isa = PBXBuildFile; fileRef = FD998AE6293818B40093E5DD /* ImageListModel.swift */; };
		FD9C7D10292E7576008BD1DF /* DropdownButton.swift in Sources */ = {isa = PBXBuildFile; fileRef = FD9C7D0F292E7576008BD1DF /* DropdownButton.swift */; };
		FD9C7D12292E75AA008BD1DF /* UIButton+Configuration.swift in Sources */ = {isa = PBXBuildFile; fileRef = FD9C7D11292E75AA008BD1DF /* UIButton+Configuration.swift */; };
		FD9C7D14292E76D5008BD1DF /* SearchButton.swift in Sources */ = {isa = PBXBuildFile; fileRef = FD9C7D13292E76D5008BD1DF /* SearchButton.swift */; };
		FD9C7D16292E76F8008BD1DF /* SearchTextField.swift in Sources */ = {isa = PBXBuildFile; fileRef = FD9C7D15292E76F8008BD1DF /* SearchTextField.swift */; };
		FD9C7D1A292E773E008BD1DF /* ServiceError.swift in Sources */ = {isa = PBXBuildFile; fileRef = FD9C7D19292E773E008BD1DF /* ServiceError.swift */; };
		FD9C7D1D292E776F008BD1DF /* ImageType.swift in Sources */ = {isa = PBXBuildFile; fileRef = FD9C7D1C292E776F008BD1DF /* ImageType.swift */; };
		FD9C7D1F292E7793008BD1DF /* ImageHit.swift in Sources */ = {isa = PBXBuildFile; fileRef = FD9C7D1E292E7793008BD1DF /* ImageHit.swift */; };
		FD9C7D21292E7831008BD1DF /* PixabayImages.swift in Sources */ = {isa = PBXBuildFile; fileRef = FD9C7D20292E7831008BD1DF /* PixabayImages.swift */; };
		FD9C7D23292E7876008BD1DF /* ImagesList.storyboard in Resources */ = {isa = PBXBuildFile; fileRef = FD9C7D22292E7876008BD1DF /* ImagesList.storyboard */; };
		FD9C7D25292E7884008BD1DF /* ImageDetail.storyboard in Resources */ = {isa = PBXBuildFile; fileRef = FD9C7D24292E7884008BD1DF /* ImageDetail.storyboard */; };
		FD9C7D27292E78B3008BD1DF /* ImagesListViewController.swift in Sources */ = {isa = PBXBuildFile; fileRef = FD9C7D26292E78B3008BD1DF /* ImagesListViewController.swift */; };
		FD9C7D29292E78C0008BD1DF /* ImageDetailViewController.swift in Sources */ = {isa = PBXBuildFile; fileRef = FD9C7D28292E78C0008BD1DF /* ImageDetailViewController.swift */; };
		FDB0B168293CC2DE0026D7AD /* ImageCollectionViewCell.swift in Sources */ = {isa = PBXBuildFile; fileRef = FDB0B166293CC2DE0026D7AD /* ImageCollectionViewCell.swift */; };
		FDB0B169293CC2DE0026D7AD /* ImageCollectionViewCell.xib in Resources */ = {isa = PBXBuildFile; fileRef = FDB0B167293CC2DE0026D7AD /* ImageCollectionViewCell.xib */; };
		FDBB8371293E3597008AD521 /* SearchDelegate.swift in Sources */ = {isa = PBXBuildFile; fileRef = FDBB8370293E3597008AD521 /* SearchDelegate.swift */; };
		FDBB8375293E4B54008AD521 /* ImageModel.swift in Sources */ = {isa = PBXBuildFile; fileRef = FDBB8374293E4B54008AD521 /* ImageModel.swift */; };
		FDDF09C32942338D00E4C93D /* ShareButton.swift in Sources */ = {isa = PBXBuildFile; fileRef = FDDF09C22942338D00E4C93D /* ShareButton.swift */; };
		FDDF09C629423FA700E4C93D /* HeaderView.swift in Sources */ = {isa = PBXBuildFile; fileRef = FDDF09C429423FA700E4C93D /* HeaderView.swift */; };
		FDDF09C729423FA700E4C93D /* HeaderView.xib in Resources */ = {isa = PBXBuildFile; fileRef = FDDF09C529423FA700E4C93D /* HeaderView.xib */; };
		FDFC2818292F677100649E88 /* DropdownButtonWIthBorder.xib in Resources */ = {isa = PBXBuildFile; fileRef = FDFC2817292F677100649E88 /* DropdownButtonWIthBorder.xib */; };
		FDFC281A292F69BB00649E88 /* DropdownButtonWIthBorder.swift in Sources */ = {isa = PBXBuildFile; fileRef = FDFC2819292F69BB00649E88 /* DropdownButtonWIthBorder.swift */; };
/* End PBXBuildFile section */

/* Begin PBXFileReference section */
		0EC884323A1092395A49C284 /* Pods_ImagesSearch.framework */ = {isa = PBXFileReference; explicitFileType = wrapper.framework; includeInIndex = 0; path = Pods_ImagesSearch.framework; sourceTree = BUILT_PRODUCTS_DIR; };
		15F72476196F01FF111B9CF0 /* Pods-ImagesSearch.release.xcconfig */ = {isa = PBXFileReference; includeInIndex = 1; lastKnownFileType = text.xcconfig; name = "Pods-ImagesSearch.release.xcconfig"; path = "Target Support Files/Pods-ImagesSearch/Pods-ImagesSearch.release.xcconfig"; sourceTree = "<group>"; };
		41ECB0665AC71B2980DBD618 /* Pods-ImagesSearch.debug.xcconfig */ = {isa = PBXFileReference; includeInIndex = 1; lastKnownFileType = text.xcconfig; name = "Pods-ImagesSearch.debug.xcconfig"; path = "Target Support Files/Pods-ImagesSearch/Pods-ImagesSearch.debug.xcconfig"; sourceTree = "<group>"; };
		FD3319BD2942709400FBBD2C /* SMIdentifiable.swift */ = {isa = PBXFileReference; lastKnownFileType = sourcecode.swift; path = SMIdentifiable.swift; sourceTree = "<group>"; };
		FD340D4F292CC34700B40917 /* ImagesSearch.app */ = {isa = PBXFileReference; explicitFileType = wrapper.application; includeInIndex = 0; path = ImagesSearch.app; sourceTree = BUILT_PRODUCTS_DIR; };
		FD340D52292CC34700B40917 /* AppDelegate.swift */ = {isa = PBXFileReference; lastKnownFileType = sourcecode.swift; path = AppDelegate.swift; sourceTree = "<group>"; };
		FD340D54292CC34700B40917 /* SceneDelegate.swift */ = {isa = PBXFileReference; lastKnownFileType = sourcecode.swift; path = SceneDelegate.swift; sourceTree = "<group>"; };
		FD340D56292CC34700B40917 /* ViewController.swift */ = {isa = PBXFileReference; lastKnownFileType = sourcecode.swift; path = ViewController.swift; sourceTree = "<group>"; };
		FD340D59292CC34700B40917 /* Base */ = {isa = PBXFileReference; lastKnownFileType = file.storyboard; name = Base; path = Base.lproj/Main.storyboard; sourceTree = "<group>"; };
		FD340D5B292CC34900B40917 /* Assets.xcassets */ = {isa = PBXFileReference; lastKnownFileType = folder.assetcatalog; path = Assets.xcassets; sourceTree = "<group>"; };
		FD340D5E292CC34900B40917 /* Base */ = {isa = PBXFileReference; lastKnownFileType = file.storyboard; name = Base; path = Base.lproj/LaunchScreen.storyboard; sourceTree = "<group>"; };
		FD340D60292CC34900B40917 /* Info.plist */ = {isa = PBXFileReference; lastKnownFileType = text.plist.xml; path = Info.plist; sourceTree = "<group>"; };
		FD340D6B292CC46600B40917 /* Localizable.strings */ = {isa = PBXFileReference; lastKnownFileType = text.plist.strings; path = Localizable.strings; sourceTree = "<group>"; };
		FD340D7C292CC71500B40917 /* OpenSans-Bold.ttf */ = {isa = PBXFileReference; lastKnownFileType = file; path = "OpenSans-Bold.ttf"; sourceTree = "<group>"; };
		FD340D7D292CC71500B40917 /* OpenSans-Regular.ttf */ = {isa = PBXFileReference; lastKnownFileType = file; path = "OpenSans-Regular.ttf"; sourceTree = "<group>"; };
		FD340D7E292CC71500B40917 /* OpenSans-SemiBold.ttf */ = {isa = PBXFileReference; lastKnownFileType = file; path = "OpenSans-SemiBold.ttf"; sourceTree = "<group>"; };
		FD340D7F292CC71500B40917 /* OpenSans-ExtraBold.ttf */ = {isa = PBXFileReference; lastKnownFileType = file; path = "OpenSans-ExtraBold.ttf"; sourceTree = "<group>"; };
		FD340D84292CCF5900B40917 /* UIView+Overlay.swift */ = {isa = PBXFileReference; lastKnownFileType = sourcecode.swift; path = "UIView+Overlay.swift"; sourceTree = "<group>"; };
		FD5199332937BDB80008762A /* ImagesHitService.swift */ = {isa = PBXFileReference; lastKnownFileType = sourcecode.swift; path = ImagesHitService.swift; sourceTree = "<group>"; };
		FD998AE6293818B40093E5DD /* ImageListModel.swift */ = {isa = PBXFileReference; lastKnownFileType = sourcecode.swift; path = ImageListModel.swift; sourceTree = "<group>"; };
		FD9C7D0F292E7576008BD1DF /* DropdownButton.swift */ = {isa = PBXFileReference; lastKnownFileType = sourcecode.swift; path = DropdownButton.swift; sourceTree = "<group>"; };
		FD9C7D11292E75AA008BD1DF /* UIButton+Configuration.swift */ = {isa = PBXFileReference; lastKnownFileType = sourcecode.swift; path = "UIButton+Configuration.swift"; sourceTree = "<group>"; };
		FD9C7D13292E76D5008BD1DF /* SearchButton.swift */ = {isa = PBXFileReference; lastKnownFileType = sourcecode.swift; path = SearchButton.swift; sourceTree = "<group>"; };
		FD9C7D15292E76F8008BD1DF /* SearchTextField.swift */ = {isa = PBXFileReference; lastKnownFileType = sourcecode.swift; path = SearchTextField.swift; sourceTree = "<group>"; };
		FD9C7D19292E773E008BD1DF /* ServiceError.swift */ = {isa = PBXFileReference; lastKnownFileType = sourcecode.swift; path = ServiceError.swift; sourceTree = "<group>"; };
		FD9C7D1C292E776F008BD1DF /* ImageType.swift */ = {isa = PBXFileReference; lastKnownFileType = sourcecode.swift; path = ImageType.swift; sourceTree = "<group>"; };
		FD9C7D1E292E7793008BD1DF /* ImageHit.swift */ = {isa = PBXFileReference; lastKnownFileType = sourcecode.swift; path = ImageHit.swift; sourceTree = "<group>"; };
		FD9C7D20292E7831008BD1DF /* PixabayImages.swift */ = {isa = PBXFileReference; lastKnownFileType = sourcecode.swift; path = PixabayImages.swift; sourceTree = "<group>"; };
		FD9C7D22292E7876008BD1DF /* ImagesList.storyboard */ = {isa = PBXFileReference; lastKnownFileType = file.storyboard; path = ImagesList.storyboard; sourceTree = "<group>"; };
		FD9C7D24292E7884008BD1DF /* ImageDetail.storyboard */ = {isa = PBXFileReference; lastKnownFileType = file.storyboard; path = ImageDetail.storyboard; sourceTree = "<group>"; };
		FD9C7D26292E78B3008BD1DF /* ImagesListViewController.swift */ = {isa = PBXFileReference; lastKnownFileType = sourcecode.swift; path = ImagesListViewController.swift; sourceTree = "<group>"; };
		FD9C7D28292E78C0008BD1DF /* ImageDetailViewController.swift */ = {isa = PBXFileReference; lastKnownFileType = sourcecode.swift; path = ImageDetailViewController.swift; sourceTree = "<group>"; };
		FDB0B166293CC2DE0026D7AD /* ImageCollectionViewCell.swift */ = {isa = PBXFileReference; lastKnownFileType = sourcecode.swift; path = ImageCollectionViewCell.swift; sourceTree = "<group>"; };
		FDB0B167293CC2DE0026D7AD /* ImageCollectionViewCell.xib */ = {isa = PBXFileReference; lastKnownFileType = file.xib; path = ImageCollectionViewCell.xib; sourceTree = "<group>"; };
		FDBB8370293E3597008AD521 /* SearchDelegate.swift */ = {isa = PBXFileReference; lastKnownFileType = sourcecode.swift; path = SearchDelegate.swift; sourceTree = "<group>"; };
		FDBB8374293E4B54008AD521 /* ImageModel.swift */ = {isa = PBXFileReference; lastKnownFileType = sourcecode.swift; path = ImageModel.swift; sourceTree = "<group>"; };
		FDDF09C22942338D00E4C93D /* ShareButton.swift */ = {isa = PBXFileReference; lastKnownFileType = sourcecode.swift; path = ShareButton.swift; sourceTree = "<group>"; };
		FDDF09C429423FA700E4C93D /* HeaderView.swift */ = {isa = PBXFileReference; lastKnownFileType = sourcecode.swift; path = HeaderView.swift; sourceTree = "<group>"; };
		FDDF09C529423FA700E4C93D /* HeaderView.xib */ = {isa = PBXFileReference; lastKnownFileType = file.xib; path = HeaderView.xib; sourceTree = "<group>"; };
		FDFC2817292F677100649E88 /* DropdownButtonWIthBorder.xib */ = {isa = PBXFileReference; lastKnownFileType = file.xib; path = DropdownButtonWIthBorder.xib; sourceTree = "<group>"; };
		FDFC2819292F69BB00649E88 /* DropdownButtonWIthBorder.swift */ = {isa = PBXFileReference; lastKnownFileType = sourcecode.swift; path = DropdownButtonWIthBorder.swift; sourceTree = "<group>"; };
/* End PBXFileReference section */

/* Begin PBXFrameworksBuildPhase section */
		FD340D4C292CC34700B40917 /* Frameworks */ = {
			isa = PBXFrameworksBuildPhase;
			buildActionMask = 2147483647;
			files = (
				726B208D352317C3FDB38A26 /* Pods_ImagesSearch.framework in Frameworks */,
			);
			runOnlyForDeploymentPostprocessing = 0;
		};
/* End PBXFrameworksBuildPhase section */

/* Begin PBXGroup section */
		2969E7F94C97E27F9A2DA1EC /* Pods */ = {
			isa = PBXGroup;
			children = (
				41ECB0665AC71B2980DBD618 /* Pods-ImagesSearch.debug.xcconfig */,
				15F72476196F01FF111B9CF0 /* Pods-ImagesSearch.release.xcconfig */,
			);
			path = Pods;
			sourceTree = "<group>";
		};
		850EF3FA9F1324148A6975E9 /* Frameworks */ = {
			isa = PBXGroup;
			children = (
				0EC884323A1092395A49C284 /* Pods_ImagesSearch.framework */,
			);
			name = Frameworks;
			sourceTree = "<group>";
		};
		FD3319BC2942708100FBBD2C /* Protocols */ = {
			isa = PBXGroup;
			children = (
				FD3319BD2942709400FBBD2C /* SMIdentifiable.swift */,
			);
			path = Protocols;
			sourceTree = "<group>";
		};
		FD340D46292CC34600B40917 = {
			isa = PBXGroup;
			children = (
				FD340D51292CC34700B40917 /* ImagesSearch */,
				FD340D50292CC34700B40917 /* Products */,
				2969E7F94C97E27F9A2DA1EC /* Pods */,
				850EF3FA9F1324148A6975E9 /* Frameworks */,
			);
			sourceTree = "<group>";
		};
		FD340D50292CC34700B40917 /* Products */ = {
			isa = PBXGroup;
			children = (
				FD340D4F292CC34700B40917 /* ImagesSearch.app */,
			);
			name = Products;
			sourceTree = "<group>";
		};
		FD340D51292CC34700B40917 /* ImagesSearch */ = {
			isa = PBXGroup;
			children = (
				FD3319BC2942708100FBBD2C /* Protocols */,
				FDBB836F293E3588008AD521 /* Delegates */,
				FD9C7D1B292E775D008BD1DF /* Models */,
				FD9C7D17292E7725008BD1DF /* Services */,
				FD9C7D0E292E755D008BD1DF /* Custom Views */,
				FD340D6D292CC48100B40917 /* Extensions */,
				FD340D69292CC3DD00B40917 /* Resources */,
				FD340D68292CC3D200B40917 /* Storyboards */,
				FD340D67292CC3C800B40917 /* Controllers */,
				FD340D66292CC3B500B40917 /* Supporting Files */,
			);
			path = ImagesSearch;
			sourceTree = "<group>";
		};
		FD340D66292CC3B500B40917 /* Supporting Files */ = {
			isa = PBXGroup;
			children = (
				FD340D5D292CC34900B40917 /* LaunchScreen.storyboard */,
				FD340D52292CC34700B40917 /* AppDelegate.swift */,
				FD340D54292CC34700B40917 /* SceneDelegate.swift */,
				FD340D60292CC34900B40917 /* Info.plist */,
			);
			path = "Supporting Files";
			sourceTree = "<group>";
		};
		FD340D67292CC3C800B40917 /* Controllers */ = {
			isa = PBXGroup;
			children = (
				FD340D56292CC34700B40917 /* ViewController.swift */,
				FD9C7D26292E78B3008BD1DF /* ImagesListViewController.swift */,
				FD9C7D28292E78C0008BD1DF /* ImageDetailViewController.swift */,
			);
			path = Controllers;
			sourceTree = "<group>";
		};
		FD340D68292CC3D200B40917 /* Storyboards */ = {
			isa = PBXGroup;
			children = (
				FD340D58292CC34700B40917 /* Main.storyboard */,
				FD9C7D22292E7876008BD1DF /* ImagesList.storyboard */,
				FD9C7D24292E7884008BD1DF /* ImageDetail.storyboard */,
			);
			path = Storyboards;
			sourceTree = "<group>";
		};
		FD340D69292CC3DD00B40917 /* Resources */ = {
			isa = PBXGroup;
			children = (
				FD340D7B292CC6CE00B40917 /* Fonts */,
				FD340D5B292CC34900B40917 /* Assets.xcassets */,
				FD340D6B292CC46600B40917 /* Localizable.strings */,
			);
			path = Resources;
			sourceTree = "<group>";
		};
		FD340D6D292CC48100B40917 /* Extensions */ = {
			isa = PBXGroup;
			children = (
				FD340D84292CCF5900B40917 /* UIView+Overlay.swift */,
				FD9C7D11292E75AA008BD1DF /* UIButton+Configuration.swift */,
			);
			path = Extensions;
			sourceTree = "<group>";
		};
		FD340D7B292CC6CE00B40917 /* Fonts */ = {
			isa = PBXGroup;
			children = (
				FD340D7C292CC71500B40917 /* OpenSans-Bold.ttf */,
				FD340D7F292CC71500B40917 /* OpenSans-ExtraBold.ttf */,
				FD340D7D292CC71500B40917 /* OpenSans-Regular.ttf */,
				FD340D7E292CC71500B40917 /* OpenSans-SemiBold.ttf */,
			);
			path = Fonts;
			sourceTree = "<group>";
		};
		FD9C7D0E292E755D008BD1DF /* Custom Views */ = {
			isa = PBXGroup;
			children = (
				FD9C7D0F292E7576008BD1DF /* DropdownButton.swift */,
				FD9C7D13292E76D5008BD1DF /* SearchButton.swift */,
				FD9C7D15292E76F8008BD1DF /* SearchTextField.swift */,
				FDFC2817292F677100649E88 /* DropdownButtonWIthBorder.xib */,
				FDFC2819292F69BB00649E88 /* DropdownButtonWIthBorder.swift */,
				FDDF09C22942338D00E4C93D /* ShareButton.swift */,
				FDDF09C429423FA700E4C93D /* HeaderView.swift */,
				FDDF09C529423FA700E4C93D /* HeaderView.xib */,
			);
			path = "Custom Views";
			sourceTree = "<group>";
		};
		FD9C7D17292E7725008BD1DF /* Services */ = {
			isa = PBXGroup;
			children = (
				FD9C7D18292E772C008BD1DF /* Networking */,
			);
			path = Services;
			sourceTree = "<group>";
		};
		FD9C7D18292E772C008BD1DF /* Networking */ = {
			isa = PBXGroup;
			children = (
				FD9C7D19292E773E008BD1DF /* ServiceError.swift */,
				FD5199332937BDB80008762A /* ImagesHitService.swift */,
			);
			path = Networking;
			sourceTree = "<group>";
		};
		FD9C7D1B292E775D008BD1DF /* Models */ = {
			isa = PBXGroup;
			children = (
				FD9C7D1C292E776F008BD1DF /* ImageType.swift */,
				FD9C7D1E292E7793008BD1DF /* ImageHit.swift */,
				FD9C7D20292E7831008BD1DF /* PixabayImages.swift */,
				FD998AE6293818B40093E5DD /* ImageListModel.swift */,
				FDB0B166293CC2DE0026D7AD /* ImageCollectionViewCell.swift */,
				FDB0B167293CC2DE0026D7AD /* ImageCollectionViewCell.xib */,
				FDBB8374293E4B54008AD521 /* ImageModel.swift */,
			);
			path = Models;
			sourceTree = "<group>";
		};
		FDBB836F293E3588008AD521 /* Delegates */ = {
			isa = PBXGroup;
			children = (
				FDBB8370293E3597008AD521 /* SearchDelegate.swift */,
			);
			path = Delegates;
			sourceTree = "<group>";
		};
/* End PBXGroup section */

/* Begin PBXNativeTarget section */
		FD340D4E292CC34700B40917 /* ImagesSearch */ = {
			isa = PBXNativeTarget;
			buildConfigurationList = FD340D63292CC34900B40917 /* Build configuration list for PBXNativeTarget "ImagesSearch" */;
			buildPhases = (
				9489DD82CAED96707E3FD1A2 /* [CP] Check Pods Manifest.lock */,
				FD340D4B292CC34700B40917 /* Sources */,
				FD340D4C292CC34700B40917 /* Frameworks */,
				FD340D4D292CC34700B40917 /* Resources */,
				FD340D86292CCFFD00B40917 /* SwiftLint */,
				92A708EDF52EB111F05915AB /* [CP] Embed Pods Frameworks */,
			);
			buildRules = (
			);
			dependencies = (
			);
			name = ImagesSearch;
			productName = ImagesSearch;
			productReference = FD340D4F292CC34700B40917 /* ImagesSearch.app */;
			productType = "com.apple.product-type.application";
		};
/* End PBXNativeTarget section */

/* Begin PBXProject section */
		FD340D47292CC34600B40917 /* Project object */ = {
			isa = PBXProject;
			attributes = {
				BuildIndependentTargetsInParallel = 1;
				LastSwiftUpdateCheck = 1410;
				LastUpgradeCheck = 1410;
				TargetAttributes = {
					FD340D4E292CC34700B40917 = {
						CreatedOnToolsVersion = 14.1;
					};
				};
			};
			buildConfigurationList = FD340D4A292CC34600B40917 /* Build configuration list for PBXProject "ImagesSearch" */;
			compatibilityVersion = "Xcode 14.0";
			developmentRegion = en;
			hasScannedForEncodings = 0;
			knownRegions = (
				en,
				Base,
			);
			mainGroup = FD340D46292CC34600B40917;
			productRefGroup = FD340D50292CC34700B40917 /* Products */;
			projectDirPath = "";
			projectRoot = "";
			targets = (
				FD340D4E292CC34700B40917 /* ImagesSearch */,
			);
		};
/* End PBXProject section */

/* Begin PBXResourcesBuildPhase section */
		FD340D4D292CC34700B40917 /* Resources */ = {
			isa = PBXResourcesBuildPhase;
			buildActionMask = 2147483647;
			files = (
				FDDF09C729423FA700E4C93D /* HeaderView.xib in Resources */,
				FDFC2818292F677100649E88 /* DropdownButtonWIthBorder.xib in Resources */,
				FD340D5F292CC34900B40917 /* LaunchScreen.storyboard in Resources */,
				FD340D6C292CC46600B40917 /* Localizable.strings in Resources */,
				FD340D82292CC71500B40917 /* OpenSans-SemiBold.ttf in Resources */,
				FD9C7D25292E7884008BD1DF /* ImageDetail.storyboard in Resources */,
				FD340D83292CC71500B40917 /* OpenSans-ExtraBold.ttf in Resources */,
				FD340D5C292CC34900B40917 /* Assets.xcassets in Resources */,
				FD340D80292CC71500B40917 /* OpenSans-Bold.ttf in Resources */,
				FD340D81292CC71500B40917 /* OpenSans-Regular.ttf in Resources */,
				FD340D5A292CC34700B40917 /* Main.storyboard in Resources */,
				FDB0B169293CC2DE0026D7AD /* ImageCollectionViewCell.xib in Resources */,
				FD9C7D23292E7876008BD1DF /* ImagesList.storyboard in Resources */,
			);
			runOnlyForDeploymentPostprocessing = 0;
		};
/* End PBXResourcesBuildPhase section */

/* Begin PBXShellScriptBuildPhase section */
		92A708EDF52EB111F05915AB /* [CP] Embed Pods Frameworks */ = {
			isa = PBXShellScriptBuildPhase;
			buildActionMask = 2147483647;
			files = (
			);
			inputFileListPaths = (
				"${PODS_ROOT}/Target Support Files/Pods-ImagesSearch/Pods-ImagesSearch-frameworks-${CONFIGURATION}-input-files.xcfilelist",
			);
			name = "[CP] Embed Pods Frameworks";
			outputFileListPaths = (
				"${PODS_ROOT}/Target Support Files/Pods-ImagesSearch/Pods-ImagesSearch-frameworks-${CONFIGURATION}-output-files.xcfilelist",
			);
			runOnlyForDeploymentPostprocessing = 0;
			shellPath = /bin/sh;
			shellScript = "\"${PODS_ROOT}/Target Support Files/Pods-ImagesSearch/Pods-ImagesSearch-frameworks.sh\"\n";
			showEnvVarsInLog = 0;
		};
		9489DD82CAED96707E3FD1A2 /* [CP] Check Pods Manifest.lock */ = {
			isa = PBXShellScriptBuildPhase;
			buildActionMask = 2147483647;
			files = (
			);
			inputFileListPaths = (
			);
			inputPaths = (
				"${PODS_PODFILE_DIR_PATH}/Podfile.lock",
				"${PODS_ROOT}/Manifest.lock",
			);
			name = "[CP] Check Pods Manifest.lock";
			outputFileListPaths = (
			);
			outputPaths = (
				"$(DERIVED_FILE_DIR)/Pods-ImagesSearch-checkManifestLockResult.txt",
			);
			runOnlyForDeploymentPostprocessing = 0;
			shellPath = /bin/sh;
			shellScript = "diff \"${PODS_PODFILE_DIR_PATH}/Podfile.lock\" \"${PODS_ROOT}/Manifest.lock\" > /dev/null\nif [ $? != 0 ] ; then\n    # print error to STDERR\n    echo \"error: The sandbox is not in sync with the Podfile.lock. Run 'pod install' or update your CocoaPods installation.\" >&2\n    exit 1\nfi\n# This output is used by Xcode 'outputs' to avoid re-running this script phase.\necho \"SUCCESS\" > \"${SCRIPT_OUTPUT_FILE_0}\"\n";
			showEnvVarsInLog = 0;
		};
		FD340D86292CCFFD00B40917 /* SwiftLint */ = {
			isa = PBXShellScriptBuildPhase;
			buildActionMask = 2147483647;
			files = (
			);
			inputFileListPaths = (
			);
			inputPaths = (
			);
			name = SwiftLint;
			outputFileListPaths = (
			);
			outputPaths = (
			);
			runOnlyForDeploymentPostprocessing = 0;
			shellPath = /bin/sh;
			shellScript = "export PATH=\"$PATH:/opt/homebrew/bin\"\nif which swiftlint > /dev/null; then\n  swiftlint\nelse\n  echo \"warning: SwiftLint not installed, download from https://github.com/realm/SwiftLint\"\nfi\n";
		};
/* End PBXShellScriptBuildPhase section */

/* Begin PBXSourcesBuildPhase section */
		FD340D4B292CC34700B40917 /* Sources */ = {
			isa = PBXSourcesBuildPhase;
			buildActionMask = 2147483647;
			files = (
				FDDF09C32942338D00E4C93D /* ShareButton.swift in Sources */,
				FDBB8371293E3597008AD521 /* SearchDelegate.swift in Sources */,
				FD9C7D14292E76D5008BD1DF /* SearchButton.swift in Sources */,
				FD9C7D27292E78B3008BD1DF /* ImagesListViewController.swift in Sources */,
				FD9C7D1F292E7793008BD1DF /* ImageHit.swift in Sources */,
				FD9C7D21292E7831008BD1DF /* PixabayImages.swift in Sources */,
				FD9C7D12292E75AA008BD1DF /* UIButton+Configuration.swift in Sources */,
				FDDF09C629423FA700E4C93D /* HeaderView.swift in Sources */,
				FD340D57292CC34700B40917 /* ViewController.swift in Sources */,
				FDB0B168293CC2DE0026D7AD /* ImageCollectionViewCell.swift in Sources */,
				FD340D85292CCF5900B40917 /* UIView+Overlay.swift in Sources */,
				FD998AE7293818B40093E5DD /* ImageListModel.swift in Sources */,
				FD340D53292CC34700B40917 /* AppDelegate.swift in Sources */,
				FDBB8375293E4B54008AD521 /* ImageModel.swift in Sources */,
				FD3319BE2942709400FBBD2C /* SMIdentifiable.swift in Sources */,
				FDFC281A292F69BB00649E88 /* DropdownButtonWIthBorder.swift in Sources */,
				FD9C7D10292E7576008BD1DF /* DropdownButton.swift in Sources */,
				FD9C7D29292E78C0008BD1DF /* ImageDetailViewController.swift in Sources */,
				FD9C7D1A292E773E008BD1DF /* ServiceError.swift in Sources */,
				FD9C7D1D292E776F008BD1DF /* ImageType.swift in Sources */,
				FD5199342937BDB80008762A /* ImagesHitService.swift in Sources */,
				FD340D55292CC34700B40917 /* SceneDelegate.swift in Sources */,
				FD9C7D16292E76F8008BD1DF /* SearchTextField.swift in Sources */,
			);
			runOnlyForDeploymentPostprocessing = 0;
		};
/* End PBXSourcesBuildPhase section */

/* Begin PBXVariantGroup section */
		FD340D58292CC34700B40917 /* Main.storyboard */ = {
			isa = PBXVariantGroup;
			children = (
				FD340D59292CC34700B40917 /* Base */,
			);
			name = Main.storyboard;
			sourceTree = "<group>";
		};
		FD340D5D292CC34900B40917 /* LaunchScreen.storyboard */ = {
			isa = PBXVariantGroup;
			children = (
				FD340D5E292CC34900B40917 /* Base */,
			);
			name = LaunchScreen.storyboard;
			sourceTree = "<group>";
		};
/* End PBXVariantGroup section */

/* Begin XCBuildConfiguration section */
		FD340D61292CC34900B40917 /* Debug */ = {
			isa = XCBuildConfiguration;
			buildSettings = {
				ALWAYS_SEARCH_USER_PATHS = NO;
				CLANG_ANALYZER_NONNULL = YES;
				CLANG_ANALYZER_NUMBER_OBJECT_CONVERSION = YES_AGGRESSIVE;
				CLANG_CXX_LANGUAGE_STANDARD = "gnu++20";
				CLANG_ENABLE_MODULES = YES;
				CLANG_ENABLE_OBJC_ARC = YES;
				CLANG_ENABLE_OBJC_WEAK = YES;
				CLANG_WARN_BLOCK_CAPTURE_AUTORELEASING = YES;
				CLANG_WARN_BOOL_CONVERSION = YES;
				CLANG_WARN_COMMA = YES;
				CLANG_WARN_CONSTANT_CONVERSION = YES;
				CLANG_WARN_DEPRECATED_OBJC_IMPLEMENTATIONS = YES;
				CLANG_WARN_DIRECT_OBJC_ISA_USAGE = YES_ERROR;
				CLANG_WARN_DOCUMENTATION_COMMENTS = YES;
				CLANG_WARN_EMPTY_BODY = YES;
				CLANG_WARN_ENUM_CONVERSION = YES;
				CLANG_WARN_INFINITE_RECURSION = YES;
				CLANG_WARN_INT_CONVERSION = YES;
				CLANG_WARN_NON_LITERAL_NULL_CONVERSION = YES;
				CLANG_WARN_OBJC_IMPLICIT_RETAIN_SELF = YES;
				CLANG_WARN_OBJC_LITERAL_CONVERSION = YES;
				CLANG_WARN_OBJC_ROOT_CLASS = YES_ERROR;
				CLANG_WARN_QUOTED_INCLUDE_IN_FRAMEWORK_HEADER = YES;
				CLANG_WARN_RANGE_LOOP_ANALYSIS = YES;
				CLANG_WARN_STRICT_PROTOTYPES = YES;
				CLANG_WARN_SUSPICIOUS_MOVE = YES;
				CLANG_WARN_UNGUARDED_AVAILABILITY = YES_AGGRESSIVE;
				CLANG_WARN_UNREACHABLE_CODE = YES;
				CLANG_WARN__DUPLICATE_METHOD_MATCH = YES;
				COPY_PHASE_STRIP = NO;
				DEBUG_INFORMATION_FORMAT = dwarf;
				ENABLE_STRICT_OBJC_MSGSEND = YES;
				ENABLE_TESTABILITY = YES;
				GCC_C_LANGUAGE_STANDARD = gnu11;
				GCC_DYNAMIC_NO_PIC = NO;
				GCC_NO_COMMON_BLOCKS = YES;
				GCC_OPTIMIZATION_LEVEL = 0;
				GCC_PREPROCESSOR_DEFINITIONS = (
					"DEBUG=1",
					"$(inherited)",
				);
				GCC_WARN_64_TO_32_BIT_CONVERSION = YES;
				GCC_WARN_ABOUT_RETURN_TYPE = YES_ERROR;
				GCC_WARN_UNDECLARED_SELECTOR = YES;
				GCC_WARN_UNINITIALIZED_AUTOS = YES_AGGRESSIVE;
				GCC_WARN_UNUSED_FUNCTION = YES;
				GCC_WARN_UNUSED_VARIABLE = YES;
				IPHONEOS_DEPLOYMENT_TARGET = 16.1;
				MTL_ENABLE_DEBUG_INFO = INCLUDE_SOURCE;
				MTL_FAST_MATH = YES;
				ONLY_ACTIVE_ARCH = YES;
				SDKROOT = iphoneos;
				SWIFT_ACTIVE_COMPILATION_CONDITIONS = DEBUG;
				SWIFT_OPTIMIZATION_LEVEL = "-Onone";
			};
			name = Debug;
		};
		FD340D62292CC34900B40917 /* Release */ = {
			isa = XCBuildConfiguration;
			buildSettings = {
				ALWAYS_SEARCH_USER_PATHS = NO;
				CLANG_ANALYZER_NONNULL = YES;
				CLANG_ANALYZER_NUMBER_OBJECT_CONVERSION = YES_AGGRESSIVE;
				CLANG_CXX_LANGUAGE_STANDARD = "gnu++20";
				CLANG_ENABLE_MODULES = YES;
				CLANG_ENABLE_OBJC_ARC = YES;
				CLANG_ENABLE_OBJC_WEAK = YES;
				CLANG_WARN_BLOCK_CAPTURE_AUTORELEASING = YES;
				CLANG_WARN_BOOL_CONVERSION = YES;
				CLANG_WARN_COMMA = YES;
				CLANG_WARN_CONSTANT_CONVERSION = YES;
				CLANG_WARN_DEPRECATED_OBJC_IMPLEMENTATIONS = YES;
				CLANG_WARN_DIRECT_OBJC_ISA_USAGE = YES_ERROR;
				CLANG_WARN_DOCUMENTATION_COMMENTS = YES;
				CLANG_WARN_EMPTY_BODY = YES;
				CLANG_WARN_ENUM_CONVERSION = YES;
				CLANG_WARN_INFINITE_RECURSION = YES;
				CLANG_WARN_INT_CONVERSION = YES;
				CLANG_WARN_NON_LITERAL_NULL_CONVERSION = YES;
				CLANG_WARN_OBJC_IMPLICIT_RETAIN_SELF = YES;
				CLANG_WARN_OBJC_LITERAL_CONVERSION = YES;
				CLANG_WARN_OBJC_ROOT_CLASS = YES_ERROR;
				CLANG_WARN_QUOTED_INCLUDE_IN_FRAMEWORK_HEADER = YES;
				CLANG_WARN_RANGE_LOOP_ANALYSIS = YES;
				CLANG_WARN_STRICT_PROTOTYPES = YES;
				CLANG_WARN_SUSPICIOUS_MOVE = YES;
				CLANG_WARN_UNGUARDED_AVAILABILITY = YES_AGGRESSIVE;
				CLANG_WARN_UNREACHABLE_CODE = YES;
				CLANG_WARN__DUPLICATE_METHOD_MATCH = YES;
				COPY_PHASE_STRIP = NO;
				DEBUG_INFORMATION_FORMAT = "dwarf-with-dsym";
				ENABLE_NS_ASSERTIONS = NO;
				ENABLE_STRICT_OBJC_MSGSEND = YES;
				GCC_C_LANGUAGE_STANDARD = gnu11;
				GCC_NO_COMMON_BLOCKS = YES;
				GCC_WARN_64_TO_32_BIT_CONVERSION = YES;
				GCC_WARN_ABOUT_RETURN_TYPE = YES_ERROR;
				GCC_WARN_UNDECLARED_SELECTOR = YES;
				GCC_WARN_UNINITIALIZED_AUTOS = YES_AGGRESSIVE;
				GCC_WARN_UNUSED_FUNCTION = YES;
				GCC_WARN_UNUSED_VARIABLE = YES;
				IPHONEOS_DEPLOYMENT_TARGET = 16.1;
				MTL_ENABLE_DEBUG_INFO = NO;
				MTL_FAST_MATH = YES;
				SDKROOT = iphoneos;
				SWIFT_COMPILATION_MODE = wholemodule;
				SWIFT_OPTIMIZATION_LEVEL = "-O";
				VALIDATE_PRODUCT = YES;
			};
			name = Release;
		};
		FD340D64292CC34900B40917 /* Debug */ = {
			isa = XCBuildConfiguration;
			baseConfigurationReference = 41ECB0665AC71B2980DBD618 /* Pods-ImagesSearch.debug.xcconfig */;
			buildSettings = {
				ASSETCATALOG_COMPILER_APPICON_NAME = AppIcon;
				ASSETCATALOG_COMPILER_GLOBAL_ACCENT_COLOR_NAME = AccentColor;
				CODE_SIGN_STYLE = Automatic;
				CURRENT_PROJECT_VERSION = 1;
				GENERATE_INFOPLIST_FILE = YES;
				INFOPLIST_FILE = "ImagesSearch/Supporting Files/Info.plist";
				INFOPLIST_KEY_UIApplicationSupportsIndirectInputEvents = YES;
				INFOPLIST_KEY_UILaunchStoryboardName = LaunchScreen;
				INFOPLIST_KEY_UIMainStoryboardFile = Main;
				INFOPLIST_KEY_UISupportedInterfaceOrientations_iPad = "UIInterfaceOrientationPortrait UIInterfaceOrientationPortraitUpsideDown UIInterfaceOrientationLandscapeLeft UIInterfaceOrientationLandscapeRight";
				INFOPLIST_KEY_UISupportedInterfaceOrientations_iPhone = "UIInterfaceOrientationPortrait UIInterfaceOrientationLandscapeLeft UIInterfaceOrientationLandscapeRight";
				IPHONEOS_DEPLOYMENT_TARGET = 12.0;
				LD_RUNPATH_SEARCH_PATHS = (
					"$(inherited)",
					"@executable_path/Frameworks",
				);
				MARKETING_VERSION = 1.0;
				PRODUCT_BUNDLE_IDENTIFIER = com.RomanIvanov.ImagesSearch;
				PRODUCT_NAME = "$(TARGET_NAME)";
				SWIFT_EMIT_LOC_STRINGS = YES;
				SWIFT_VERSION = 5.0;
				TARGETED_DEVICE_FAMILY = "1,2";
			};
			name = Debug;
		};
		FD340D65292CC34900B40917 /* Release */ = {
			isa = XCBuildConfiguration;
			baseConfigurationReference = 15F72476196F01FF111B9CF0 /* Pods-ImagesSearch.release.xcconfig */;
			buildSettings = {
				ASSETCATALOG_COMPILER_APPICON_NAME = AppIcon;
				ASSETCATALOG_COMPILER_GLOBAL_ACCENT_COLOR_NAME = AccentColor;
				CODE_SIGN_STYLE = Automatic;
				CURRENT_PROJECT_VERSION = 1;
				GENERATE_INFOPLIST_FILE = YES;
				INFOPLIST_FILE = "ImagesSearch/Supporting Files/Info.plist";
				INFOPLIST_KEY_UIApplicationSupportsIndirectInputEvents = YES;
				INFOPLIST_KEY_UILaunchStoryboardName = LaunchScreen;
				INFOPLIST_KEY_UIMainStoryboardFile = Main;
				INFOPLIST_KEY_UISupportedInterfaceOrientations_iPad = "UIInterfaceOrientationPortrait UIInterfaceOrientationPortraitUpsideDown UIInterfaceOrientationLandscapeLeft UIInterfaceOrientationLandscapeRight";
				INFOPLIST_KEY_UISupportedInterfaceOrientations_iPhone = "UIInterfaceOrientationPortrait UIInterfaceOrientationLandscapeLeft UIInterfaceOrientationLandscapeRight";
				IPHONEOS_DEPLOYMENT_TARGET = 12.0;
				LD_RUNPATH_SEARCH_PATHS = (
					"$(inherited)",
					"@executable_path/Frameworks",
				);
				MARKETING_VERSION = 1.0;
				PRODUCT_BUNDLE_IDENTIFIER = com.RomanIvanov.ImagesSearch;
				PRODUCT_NAME = "$(TARGET_NAME)";
				SWIFT_EMIT_LOC_STRINGS = YES;
				SWIFT_VERSION = 5.0;
				TARGETED_DEVICE_FAMILY = "1,2";
			};
			name = Release;
		};
/* End XCBuildConfiguration section */

/* Begin XCConfigurationList section */
		FD340D4A292CC34600B40917 /* Build configuration list for PBXProject "ImagesSearch" */ = {
			isa = XCConfigurationList;
			buildConfigurations = (
				FD340D61292CC34900B40917 /* Debug */,
				FD340D62292CC34900B40917 /* Release */,
			);
			defaultConfigurationIsVisible = 0;
			defaultConfigurationName = Release;
		};
		FD340D63292CC34900B40917 /* Build configuration list for PBXNativeTarget "ImagesSearch" */ = {
			isa = XCConfigurationList;
			buildConfigurations = (
				FD340D64292CC34900B40917 /* Debug */,
				FD340D65292CC34900B40917 /* Release */,
			);
			defaultConfigurationIsVisible = 0;
			defaultConfigurationName = Release;
		};
/* End XCConfigurationList section */
	};
	rootObject = FD340D47292CC34600B40917 /* Project object */;
}
